// !$*UTF8*$!
{
	archiveVersion = 1;
	classes = {
	};
	objectVersion = 56;
	objects = {

/* Begin PBXBuildFile section */
		C030D7852C973C2F00AD4871 /* SwiftSplashApp.swift in Sources */ = {isa = PBXBuildFile; fileRef = C030D7842C973C2F00AD4871 /* SwiftSplashApp.swift */; };
		C030D7872C973C2F00AD4871 /* ContentView.swift in Sources */ = {isa = PBXBuildFile; fileRef = C030D7862C973C2F00AD4871 /* ContentView.swift */; };
		C030D7892C973C3000AD4871 /* Assets.xcassets in Resources */ = {isa = PBXBuildFile; fileRef = C030D7882C973C3000AD4871 /* Assets.xcassets */; };
		C030D78C2C973C3000AD4871 /* Preview Assets.xcassets in Resources */ = {isa = PBXBuildFile; fileRef = C030D78B2C973C3000AD4871 /* Preview Assets.xcassets */; };
		C030D7962C973C3000AD4871 /* SwiftSplashTests.swift in Sources */ = {isa = PBXBuildFile; fileRef = C030D7952C973C3000AD4871 /* SwiftSplashTests.swift */; };
		C030D7A02C973C3000AD4871 /* SwiftSplashUITests.swift in Sources */ = {isa = PBXBuildFile; fileRef = C030D79F2C973C3000AD4871 /* SwiftSplashUITests.swift */; };
		C030D7A22C973C3000AD4871 /* SwiftSplashUITestsLaunchTests.swift in Sources */ = {isa = PBXBuildFile; fileRef = C030D7A12C973C3000AD4871 /* SwiftSplashUITestsLaunchTests.swift */; };
		C030D7AF2C973C5C00AD4871 /* SplashScreen.swift in Sources */ = {isa = PBXBuildFile; fileRef = C030D7AE2C973C5C00AD4871 /* SplashScreen.swift */; };
		C030D7B12C973F4700AD4871 /* HomeView.swift in Sources */ = {isa = PBXBuildFile; fileRef = C030D7B02C973F4700AD4871 /* HomeView.swift */; };
/* End PBXBuildFile section */

/* Begin PBXContainerItemProxy section */
		C030D7922C973C3000AD4871 /* PBXContainerItemProxy */ = {
			isa = PBXContainerItemProxy;
			containerPortal = C030D7792C973C2F00AD4871 /* Project object */;
			proxyType = 1;
			remoteGlobalIDString = C030D7802C973C2F00AD4871;
			remoteInfo = SwiftSplash;
		};
		C030D79C2C973C3000AD4871 /* PBXContainerItemProxy */ = {
			isa = PBXContainerItemProxy;
			containerPortal = C030D7792C973C2F00AD4871 /* Project object */;
			proxyType = 1;
			remoteGlobalIDString = C030D7802C973C2F00AD4871;
			remoteInfo = SwiftSplash;
		};
/* End PBXContainerItemProxy section */

/* Begin PBXFileReference section */
		C030D7812C973C2F00AD4871 /* SwiftSplash.app */ = {isa = PBXFileReference; explicitFileType = wrapper.application; includeInIndex = 0; path = SwiftSplash.app; sourceTree = BUILT_PRODUCTS_DIR; };
		C030D7842C973C2F00AD4871 /* SwiftSplashApp.swift */ = {isa = PBXFileReference; lastKnownFileType = sourcecode.swift; path = SwiftSplashApp.swift; sourceTree = "<group>"; };
		C030D7862C973C2F00AD4871 /* ContentView.swift */ = {isa = PBXFileReference; lastKnownFileType = sourcecode.swift; path = ContentView.swift; sourceTree = "<group>"; };
		C030D7882C973C3000AD4871 /* Assets.xcassets */ = {isa = PBXFileReference; lastKnownFileType = folder.assetcatalog; path = Assets.xcassets; sourceTree = "<group>"; };
		C030D78B2C973C3000AD4871 /* Preview Assets.xcassets */ = {isa = PBXFileReference; lastKnownFileType = folder.assetcatalog; path = "Preview Assets.xcassets"; sourceTree = "<group>"; };
		C030D7912C973C3000AD4871 /* SwiftSplashTests.xctest */ = {isa = PBXFileReference; explicitFileType = wrapper.cfbundle; includeInIndex = 0; path = SwiftSplashTests.xctest; sourceTree = BUILT_PRODUCTS_DIR; };
		C030D7952C973C3000AD4871 /* SwiftSplashTests.swift */ = {isa = PBXFileReference; lastKnownFileType = sourcecode.swift; path = SwiftSplashTests.swift; sourceTree = "<group>"; };
		C030D79B2C973C3000AD4871 /* SwiftSplashUITests.xctest */ = {isa = PBXFileReference; explicitFileType = wrapper.cfbundle; includeInIndex = 0; path = SwiftSplashUITests.xctest; sourceTree = BUILT_PRODUCTS_DIR; };
		C030D79F2C973C3000AD4871 /* SwiftSplashUITests.swift */ = {isa = PBXFileReference; lastKnownFileType = sourcecode.swift; path = SwiftSplashUITests.swift; sourceTree = "<group>"; };
		C030D7A12C973C3000AD4871 /* SwiftSplashUITestsLaunchTests.swift */ = {isa = PBXFileReference; lastKnownFileType = sourcecode.swift; path = SwiftSplashUITestsLaunchTests.swift; sourceTree = "<group>"; };
		C030D7AE2C973C5C00AD4871 /* SplashScreen.swift */ = {isa = PBXFileReference; lastKnownFileType = sourcecode.swift; path = SplashScreen.swift; sourceTree = "<group>"; };
		C030D7B02C973F4700AD4871 /* HomeView.swift */ = {isa = PBXFileReference; lastKnownFileType = sourcecode.swift; path = HomeView.swift; sourceTree = "<group>"; };
/* End PBXFileReference section */

/* Begin PBXFrameworksBuildPhase section */
		C030D77E2C973C2F00AD4871 /* Frameworks */ = {
			isa = PBXFrameworksBuildPhase;
			buildActionMask = 2147483647;
			files = (
			);
			runOnlyForDeploymentPostprocessing = 0;
		};
		C030D78E2C973C3000AD4871 /* Frameworks */ = {
			isa = PBXFrameworksBuildPhase;
			buildActionMask = 2147483647;
			files = (
			);
			runOnlyForDeploymentPostprocessing = 0;
		};
		C030D7982C973C3000AD4871 /* Frameworks */ = {
			isa = PBXFrameworksBuildPhase;
			buildActionMask = 2147483647;
			files = (
			);
			runOnlyForDeploymentPostprocessing = 0;
		};
/* End PBXFrameworksBuildPhase section */

/* Begin PBXGroup section */
		C030D7782C973C2F00AD4871 = {
			isa = PBXGroup;
			children = (
				C030D7832C973C2F00AD4871 /* SwiftSplash */,
				C030D7942C973C3000AD4871 /* SwiftSplashTests */,
				C030D79E2C973C3000AD4871 /* SwiftSplashUITests */,
				C030D7822C973C2F00AD4871 /* Products */,
			);
			sourceTree = "<group>";
		};
		C030D7822C973C2F00AD4871 /* Products */ = {
			isa = PBXGroup;
			children = (
				C030D7812C973C2F00AD4871 /* SwiftSplash.app */,
				C030D7912C973C3000AD4871 /* SwiftSplashTests.xctest */,
				C030D79B2C973C3000AD4871 /* SwiftSplashUITests.xctest */,
			);
			name = Products;
			sourceTree = "<group>";
		};
		C030D7832C973C2F00AD4871 /* SwiftSplash */ = {
			isa = PBXGroup;
			children = (
				C030D7842C973C2F00AD4871 /* SwiftSplashApp.swift */,
				C030D7862C973C2F00AD4871 /* ContentView.swift */,
				C030D7882C973C3000AD4871 /* Assets.xcassets */,
				C030D78A2C973C3000AD4871 /* Preview Content */,
				C030D7AE2C973C5C00AD4871 /* SplashScreen.swift */,
				C030D7B02C973F4700AD4871 /* HomeView.swift */,
			);
			path = SwiftSplash;
			sourceTree = "<group>";
		};
		C030D78A2C973C3000AD4871 /* Preview Content */ = {
			isa = PBXGroup;
			children = (
				C030D78B2C973C3000AD4871 /* Preview Assets.xcassets */,
			);
			path = "Preview Content";
			sourceTree = "<group>";
		};
		C030D7942C973C3000AD4871 /* SwiftSplashTests */ = {
			isa = PBXGroup;
			children = (
				C030D7952C973C3000AD4871 /* SwiftSplashTests.swift */,
			);
			path = SwiftSplashTests;
			sourceTree = "<group>";
		};
		C030D79E2C973C3000AD4871 /* SwiftSplashUITests */ = {
			isa = PBXGroup;
			children = (
				C030D79F2C973C3000AD4871 /* SwiftSplashUITests.swift */,
				C030D7A12C973C3000AD4871 /* SwiftSplashUITestsLaunchTests.swift */,
			);
			path = SwiftSplashUITests;
			sourceTree = "<group>";
		};
/* End PBXGroup section */

/* Begin PBXNativeTarget section */
		C030D7802C973C2F00AD4871 /* SwiftSplash */ = {
			isa = PBXNativeTarget;
			buildConfigurationList = C030D7A52C973C3000AD4871 /* Build configuration list for PBXNativeTarget "SwiftSplash" */;
			buildPhases = (
				C030D77D2C973C2F00AD4871 /* Sources */,
				C030D77E2C973C2F00AD4871 /* Frameworks */,
				C030D77F2C973C2F00AD4871 /* Resources */,
			);
			buildRules = (
			);
			dependencies = (
			);
			name = SwiftSplash;
			productName = SwiftSplash;
			productReference = C030D7812C973C2F00AD4871 /* SwiftSplash.app */;
			productType = "com.apple.product-type.application";
		};
		C030D7902C973C3000AD4871 /* SwiftSplashTests */ = {
			isa = PBXNativeTarget;
			buildConfigurationList = C030D7A82C973C3000AD4871 /* Build configuration list for PBXNativeTarget "SwiftSplashTests" */;
			buildPhases = (
				C030D78D2C973C3000AD4871 /* Sources */,
				C030D78E2C973C3000AD4871 /* Frameworks */,
				C030D78F2C973C3000AD4871 /* Resources */,
			);
			buildRules = (
			);
			dependencies = (
				C030D7932C973C3000AD4871 /* PBXTargetDependency */,
			);
			name = SwiftSplashTests;
			productName = SwiftSplashTests;
			productReference = C030D7912C973C3000AD4871 /* SwiftSplashTests.xctest */;
			productType = "com.apple.product-type.bundle.unit-test";
		};
		C030D79A2C973C3000AD4871 /* SwiftSplashUITests */ = {
			isa = PBXNativeTarget;
			buildConfigurationList = C030D7AB2C973C3000AD4871 /* Build configuration list for PBXNativeTarget "SwiftSplashUITests" */;
			buildPhases = (
				C030D7972C973C3000AD4871 /* Sources */,
				C030D7982C973C3000AD4871 /* Frameworks */,
				C030D7992C973C3000AD4871 /* Resources */,
			);
			buildRules = (
			);
			dependencies = (
				C030D79D2C973C3000AD4871 /* PBXTargetDependency */,
			);
			name = SwiftSplashUITests;
			productName = SwiftSplashUITests;
			productReference = C030D79B2C973C3000AD4871 /* SwiftSplashUITests.xctest */;
			productType = "com.apple.product-type.bundle.ui-testing";
		};
/* End PBXNativeTarget section */

/* Begin PBXProject section */
		C030D7792C973C2F00AD4871 /* Project object */ = {
			isa = PBXProject;
			attributes = {
				BuildIndependentTargetsInParallel = 1;
				LastSwiftUpdateCheck = 1540;
				LastUpgradeCheck = 1540;
				TargetAttributes = {
					C030D7802C973C2F00AD4871 = {
						CreatedOnToolsVersion = 15.4;
					};
					C030D7902C973C3000AD4871 = {
						CreatedOnToolsVersion = 15.4;
						TestTargetID = C030D7802C973C2F00AD4871;
					};
					C030D79A2C973C3000AD4871 = {
						CreatedOnToolsVersion = 15.4;
						TestTargetID = C030D7802C973C2F00AD4871;
					};
				};
			};
			buildConfigurationList = C030D77C2C973C2F00AD4871 /* Build configuration list for PBXProject "SwiftSplash" */;
			compatibilityVersion = "Xcode 14.0";
			developmentRegion = en;
			hasScannedForEncodings = 0;
			knownRegions = (
				en,
				Base,
			);
			mainGroup = C030D7782C973C2F00AD4871;
			productRefGroup = C030D7822C973C2F00AD4871 /* Products */;
			projectDirPath = "";
			projectRoot = "";
			targets = (
				C030D7802C973C2F00AD4871 /* SwiftSplash */,
				C030D7902C973C3000AD4871 /* SwiftSplashTests */,
				C030D79A2C973C3000AD4871 /* SwiftSplashUITests */,
			);
		};
/* End PBXProject section */

/* Begin PBXResourcesBuildPhase section */
		C030D77F2C973C2F00AD4871 /* Resources */ = {
			isa = PBXResourcesBuildPhase;
			buildActionMask = 2147483647;
			files = (
				C030D78C2C973C3000AD4871 /* Preview Assets.xcassets in Resources */,
				C030D7892C973C3000AD4871 /* Assets.xcassets in Resources */,
			);
			runOnlyForDeploymentPostprocessing = 0;
		};
		C030D78F2C973C3000AD4871 /* Resources */ = {
			isa = PBXResourcesBuildPhase;
			buildActionMask = 2147483647;
			files = (
			);
			runOnlyForDeploymentPostprocessing = 0;
		};
		C030D7992C973C3000AD4871 /* Resources */ = {
			isa = PBXResourcesBuildPhase;
			buildActionMask = 2147483647;
			files = (
			);
			runOnlyForDeploymentPostprocessing = 0;
		};
/* End PBXResourcesBuildPhase section */

/* Begin PBXSourcesBuildPhase section */
		C030D77D2C973C2F00AD4871 /* Sources */ = {
			isa = PBXSourcesBuildPhase;
			buildActionMask = 2147483647;
			files = (
				C030D7AF2C973C5C00AD4871 /* SplashScreen.swift in Sources */,
				C030D7B12C973F4700AD4871 /* HomeView.swift in Sources */,
				C030D7872C973C2F00AD4871 /* ContentView.swift in Sources */,
				C030D7852C973C2F00AD4871 /* SwiftSplashApp.swift in Sources */,
			);
			runOnlyForDeploymentPostprocessing = 0;
		};
		C030D78D2C973C3000AD4871 /* Sources */ = {
			isa = PBXSourcesBuildPhase;
			buildActionMask = 2147483647;
			files = (
				C030D7962C973C3000AD4871 /* SwiftSplashTests.swift in Sources */,
			);
			runOnlyForDeploymentPostprocessing = 0;
		};
		C030D7972C973C3000AD4871 /* Sources */ = {
			isa = PBXSourcesBuildPhase;
			buildActionMask = 2147483647;
			files = (
				C030D7A02C973C3000AD4871 /* SwiftSplashUITests.swift in Sources */,
				C030D7A22C973C3000AD4871 /* SwiftSplashUITestsLaunchTests.swift in Sources */,
			);
			runOnlyForDeploymentPostprocessing = 0;
		};
/* End PBXSourcesBuildPhase section */

/* Begin PBXTargetDependency section */
		C030D7932C973C3000AD4871 /* PBXTargetDependency */ = {
			isa = PBXTargetDependency;
			target = C030D7802C973C2F00AD4871 /* SwiftSplash */;
			targetProxy = C030D7922C973C3000AD4871 /* PBXContainerItemProxy */;
		};
		C030D79D2C973C3000AD4871 /* PBXTargetDependency */ = {
			isa = PBXTargetDependency;
			target = C030D7802C973C2F00AD4871 /* SwiftSplash */;
			targetProxy = C030D79C2C973C3000AD4871 /* PBXContainerItemProxy */;
		};
/* End PBXTargetDependency section */

/* Begin XCBuildConfiguration section */
		C030D7A32C973C3000AD4871 /* Debug */ = {
			isa = XCBuildConfiguration;
			buildSettings = {
				ALWAYS_SEARCH_USER_PATHS = NO;
				ASSETCATALOG_COMPILER_GENERATE_SWIFT_ASSET_SYMBOL_EXTENSIONS = YES;
				CLANG_ANALYZER_NONNULL = YES;
				CLANG_ANALYZER_NUMBER_OBJECT_CONVERSION = YES_AGGRESSIVE;
				CLANG_CXX_LANGUAGE_STANDARD = "gnu++20";
				CLANG_ENABLE_MODULES = YES;
				CLANG_ENABLE_OBJC_ARC = YES;
				CLANG_ENABLE_OBJC_WEAK = YES;
				CLANG_WARN_BLOCK_CAPTURE_AUTORELEASING = YES;
				CLANG_WARN_BOOL_CONVERSION = YES;
				CLANG_WARN_COMMA = YES;
				CLANG_WARN_CONSTANT_CONVERSION = YES;
				CLANG_WARN_DEPRECATED_OBJC_IMPLEMENTATIONS = YES;
				CLANG_WARN_DIRECT_OBJC_ISA_USAGE = YES_ERROR;
				CLANG_WARN_DOCUMENTATION_COMMENTS = YES;
				CLANG_WARN_EMPTY_BODY = YES;
				CLANG_WARN_ENUM_CONVERSION = YES;
				CLANG_WARN_INFINITE_RECURSION = YES;
				CLANG_WARN_INT_CONVERSION = YES;
				CLANG_WARN_NON_LITERAL_NULL_CONVERSION = YES;
				CLANG_WARN_OBJC_IMPLICIT_RETAIN_SELF = YES;
				CLANG_WARN_OBJC_LITERAL_CONVERSION = YES;
				CLANG_WARN_OBJC_ROOT_CLASS = YES_ERROR;
				CLANG_WARN_QUOTED_INCLUDE_IN_FRAMEWORK_HEADER = YES;
				CLANG_WARN_RANGE_LOOP_ANALYSIS = YES;
				CLANG_WARN_STRICT_PROTOTYPES = YES;
				CLANG_WARN_SUSPICIOUS_MOVE = YES;
				CLANG_WARN_UNGUARDED_AVAILABILITY = YES_AGGRESSIVE;
				CLANG_WARN_UNREACHABLE_CODE = YES;
				CLANG_WARN__DUPLICATE_METHOD_MATCH = YES;
				COPY_PHASE_STRIP = NO;
				DEBUG_INFORMATION_FORMAT = dwarf;
				ENABLE_STRICT_OBJC_MSGSEND = YES;
				ENABLE_TESTABILITY = YES;
				ENABLE_USER_SCRIPT_SANDBOXING = YES;
				GCC_C_LANGUAGE_STANDARD = gnu17;
				GCC_DYNAMIC_NO_PIC = NO;
				GCC_NO_COMMON_BLOCKS = YES;
				GCC_OPTIMIZATION_LEVEL = 0;
				GCC_PREPROCESSOR_DEFINITIONS = (
					"DEBUG=1",
					"$(inherited)",
				);
				GCC_WARN_64_TO_32_BIT_CONVERSION = YES;
				GCC_WARN_ABOUT_RETURN_TYPE = YES_ERROR;
				GCC_WARN_UNDECLARED_SELECTOR = YES;
				GCC_WARN_UNINITIALIZED_AUTOS = YES_AGGRESSIVE;
				GCC_WARN_UNUSED_FUNCTION = YES;
				GCC_WARN_UNUSED_VARIABLE = YES;
				IPHONEOS_DEPLOYMENT_TARGET = 17.5;
				LOCALIZATION_PREFERS_STRING_CATALOGS = YES;
				MTL_ENABLE_DEBUG_INFO = INCLUDE_SOURCE;
				MTL_FAST_MATH = YES;
				ONLY_ACTIVE_ARCH = YES;
				SDKROOT = iphoneos;
				SWIFT_ACTIVE_COMPILATION_CONDITIONS = "DEBUG $(inherited)";
				SWIFT_OPTIMIZATION_LEVEL = "-Onone";
			};
			name = Debug;
		};
		C030D7A42C973C3000AD4871 /* Release */ = {
			isa = XCBuildConfiguration;
			buildSettings = {
				ALWAYS_SEARCH_USER_PATHS = NO;
				ASSETCATALOG_COMPILER_GENERATE_SWIFT_ASSET_SYMBOL_EXTENSIONS = YES;
				CLANG_ANALYZER_NONNULL = YES;
				CLANG_ANALYZER_NUMBER_OBJECT_CONVERSION = YES_AGGRESSIVE;
				CLANG_CXX_LANGUAGE_STANDARD = "gnu++20";
				CLANG_ENABLE_MODULES = YES;
				CLANG_ENABLE_OBJC_ARC = YES;
				CLANG_ENABLE_OBJC_WEAK = YES;
				CLANG_WARN_BLOCK_CAPTURE_AUTORELEASING = YES;
				CLANG_WARN_BOOL_CONVERSION = YES;
				CLANG_WARN_COMMA = YES;
				CLANG_WARN_CONSTANT_CONVERSION = YES;
				CLANG_WARN_DEPRECATED_OBJC_IMPLEMENTATIONS = YES;
				CLANG_WARN_DIRECT_OBJC_ISA_USAGE = YES_ERROR;
				CLANG_WARN_DOCUMENTATION_COMMENTS = YES;
				CLANG_WARN_EMPTY_BODY = YES;
				CLANG_WARN_ENUM_CONVERSION = YES;
				CLANG_WARN_INFINITE_RECURSION = YES;
				CLANG_WARN_INT_CONVERSION = YES;
				CLANG_WARN_NON_LITERAL_NULL_CONVERSION = YES;
				CLANG_WARN_OBJC_IMPLICIT_RETAIN_SELF = YES;
				CLANG_WARN_OBJC_LITERAL_CONVERSION = YES;
				CLANG_WARN_OBJC_ROOT_CLASS = YES_ERROR;
				CLANG_WARN_QUOTED_INCLUDE_IN_FRAMEWORK_HEADER = YES;
				CLANG_WARN_RANGE_LOOP_ANALYSIS = YES;
				CLANG_WARN_STRICT_PROTOTYPES = YES;
				CLANG_WARN_SUSPICIOUS_MOVE = YES;
				CLANG_WARN_UNGUARDED_AVAILABILITY = YES_AGGRESSIVE;
				CLANG_WARN_UNREACHABLE_CODE = YES;
				CLANG_WARN__DUPLICATE_METHOD_MATCH = YES;
				COPY_PHASE_STRIP = NO;
				DEBUG_INFORMATION_FORMAT = "dwarf-with-dsym";
				ENABLE_NS_ASSERTIONS = NO;
				ENABLE_STRICT_OBJC_MSGSEND = YES;
				ENABLE_USER_SCRIPT_SANDBOXING = YES;
				GCC_C_LANGUAGE_STANDARD = gnu17;
				GCC_NO_COMMON_BLOCKS = YES;
				GCC_WARN_64_TO_32_BIT_CONVERSION = YES;
				GCC_WARN_ABOUT_RETURN_TYPE = YES_ERROR;
				GCC_WARN_UNDECLARED_SELECTOR = YES;
				GCC_WARN_UNINITIALIZED_AUTOS = YES_AGGRESSIVE;
				GCC_WARN_UNUSED_FUNCTION = YES;
				GCC_WARN_UNUSED_VARIABLE = YES;
				IPHONEOS_DEPLOYMENT_TARGET = 17.5;
				LOCALIZATION_PREFERS_STRING_CATALOGS = YES;
				MTL_ENABLE_DEBUG_INFO = NO;
				MTL_FAST_MATH = YES;
				SDKROOT = iphoneos;
				SWIFT_COMPILATION_MODE = wholemodule;
				VALIDATE_PRODUCT = YES;
			};
			name = Release;
		};
		C030D7A62C973C3000AD4871 /* Debug */ = {
			isa = XCBuildConfiguration;
			buildSettings = {
				ASSETCATALOG_COMPILER_APPICON_NAME = AppIcon;
				ASSETCATALOG_COMPILER_GLOBAL_ACCENT_COLOR_NAME = AccentColor;
				CODE_SIGN_STYLE = Automatic;
				CURRENT_PROJECT_VERSION = 1;
				DEVELOPMENT_ASSET_PATHS = "\"SwiftSplash/Preview Content\"";
				ENABLE_PREVIEWS = YES;
				GENERATE_INFOPLIST_FILE = YES;
				INFOPLIST_KEY_UIApplicationSceneManifest_Generation = YES;
				INFOPLIST_KEY_UIApplicationSupportsIndirectInputEvents = YES;
				INFOPLIST_KEY_UILaunchScreen_Generation = YES;
				INFOPLIST_KEY_UISupportedInterfaceOrientations_iPad = "UIInterfaceOrientationPortrait UIInterfaceOrientationPortraitUpsideDown UIInterfaceOrientationLandscapeLeft UIInterfaceOrientationLandscapeRight";
				INFOPLIST_KEY_UISupportedInterfaceOrientations_iPhone = "UIInterfaceOrientationPortrait UIInterfaceOrientationLandscapeLeft UIInterfaceOrientationLandscapeRight";
				LD_RUNPATH_SEARCH_PATHS = (
					"$(inherited)",
					"@executable_path/Frameworks",
				);
				MARKETING_VERSION = 1.0;
				PRODUCT_BUNDLE_IDENTIFIER = com.onboardingscreen.SwiftSplash;
				PRODUCT_NAME = "$(TARGET_NAME)";
				SWIFT_EMIT_LOC_STRINGS = YES;
				SWIFT_VERSION = 5.0;
				TARGETED_DEVICE_FAMILY = "1,2";
			};
			name = Debug;
		};
		C030D7A72C973C3000AD4871 /* Release */ = {
			isa = XCBuildConfiguration;
			buildSettings = {
				ASSETCATALOG_COMPILER_APPICON_NAME = AppIcon;
				ASSETCATALOG_COMPILER_GLOBAL_ACCENT_COLOR_NAME = AccentColor;
				CODE_SIGN_STYLE = Automatic;
				CURRENT_PROJECT_VERSION = 1;
				DEVELOPMENT_ASSET_PATHS = "\"SwiftSplash/Preview Content\"";
				ENABLE_PREVIEWS = YES;
				GENERATE_INFOPLIST_FILE = YES;
				INFOPLIST_KEY_UIApplicationSceneManifest_Generation = YES;
				INFOPLIST_KEY_UIApplicationSupportsIndirectInputEvents = YES;
				INFOPLIST_KEY_UILaunchScreen_Generation = YES;
				INFOPLIST_KEY_UISupportedInterfaceOrientations_iPad = "UIInterfaceOrientationPortrait UIInterfaceOrientationPortraitUpsideDown UIInterfaceOrientationLandscapeLeft UIInterfaceOrientationLandscapeRight";
				INFOPLIST_KEY_UISupportedInterfaceOrientations_iPhone = "UIInterfaceOrientationPortrait UIInterfaceOrientationLandscapeLeft UIInterfaceOrientationLandscapeRight";
				LD_RUNPATH_SEARCH_PATHS = (
					"$(inherited)",
					"@executable_path/Frameworks",
				);
				MARKETING_VERSION = 1.0;
				PRODUCT_BUNDLE_IDENTIFIER = com.onboardingscreen.SwiftSplash;
				PRODUCT_NAME = "$(TARGET_NAME)";
				SWIFT_EMIT_LOC_STRINGS = YES;
				SWIFT_VERSION = 5.0;
				TARGETED_DEVICE_FAMILY = "1,2";
			};
			name = Release;
		};
		C030D7A92C973C3000AD4871 /* Debug */ = {
			isa = XCBuildConfiguration;
			buildSettings = {
				ALWAYS_EMBED_SWIFT_STANDARD_LIBRARIES = YES;
				BUNDLE_LOADER = "$(TEST_HOST)";
				CODE_SIGN_STYLE = Automatic;
				CURRENT_PROJECT_VERSION = 1;
				GENERATE_INFOPLIST_FILE = YES;
				IPHONEOS_DEPLOYMENT_TARGET = 17.5;
				MARKETING_VERSION = 1.0;
				PRODUCT_BUNDLE_IDENTIFIER = com.onboardingscreen.SwiftSplashTests;
				PRODUCT_NAME = "$(TARGET_NAME)";
				SWIFT_EMIT_LOC_STRINGS = NO;
				SWIFT_VERSION = 5.0;
				TARGETED_DEVICE_FAMILY = "1,2";
				TEST_HOST = "$(BUILT_PRODUCTS_DIR)/SwiftSplash.app/$(BUNDLE_EXECUTABLE_FOLDER_PATH)/SwiftSplash";
			};
			name = Debug;
		};
		C030D7AA2C973C3000AD4871 /* Release */ = {
			isa = XCBuildConfiguration;
			buildSettings = {
				ALWAYS_EMBED_SWIFT_STANDARD_LIBRARIES = YES;
				BUNDLE_LOADER = "$(TEST_HOST)";
				CODE_SIGN_STYLE = Automatic;
				CURRENT_PROJECT_VERSION = 1;
				GENERATE_INFOPLIST_FILE = YES;
				IPHONEOS_DEPLOYMENT_TARGET = 17.5;
				MARKETING_VERSION = 1.0;
				PRODUCT_BUNDLE_IDENTIFIER = com.onboardingscreen.SwiftSplashTests;
				PRODUCT_NAME = "$(TARGET_NAME)";
				SWIFT_EMIT_LOC_STRINGS = NO;
				SWIFT_VERSION = 5.0;
				TARGETED_DEVICE_FAMILY = "1,2";
				TEST_HOST = "$(BUILT_PRODUCTS_DIR)/SwiftSplash.app/$(BUNDLE_EXECUTABLE_FOLDER_PATH)/SwiftSplash";
			};
			name = Release;
		};
		C030D7AC2C973C3000AD4871 /* Debug */ = {
			isa = XCBuildConfiguration;
			buildSettings = {
				ALWAYS_EMBED_SWIFT_STANDARD_LIBRARIES = YES;
				CODE_SIGN_STYLE = Automatic;
				CURRENT_PROJECT_VERSION = 1;
				GENERATE_INFOPLIST_FILE = YES;
				MARKETING_VERSION = 1.0;
				PRODUCT_BUNDLE_IDENTIFIER = com.onboardingscreen.SwiftSplashUITests;
				PRODUCT_NAME = "$(TARGET_NAME)";
				SWIFT_EMIT_LOC_STRINGS = NO;
				SWIFT_VERSION = 5.0;
				TARGETED_DEVICE_FAMILY = "1,2";
				TEST_TARGET_NAME = SwiftSplash;
			};
			name = Debug;
		};
		C030D7AD2C973C3000AD4871 /* Release */ = {
			isa = XCBuildConfiguration;
			buildSettings = {
				ALWAYS_EMBED_SWIFT_STANDARD_LIBRARIES = YES;
				CODE_SIGN_STYLE = Automatic;
				CURRENT_PROJECT_VERSION = 1;
				GENERATE_INFOPLIST_FILE = YES;
				MARKETING_VERSION = 1.0;
				PRODUCT_BUNDLE_IDENTIFIER = com.onboardingscreen.SwiftSplashUITests;
				PRODUCT_NAME = "$(TARGET_NAME)";
				SWIFT_EMIT_LOC_STRINGS = NO;
				SWIFT_VERSION = 5.0;
				TARGETED_DEVICE_FAMILY = "1,2";
				TEST_TARGET_NAME = SwiftSplash;
			};
			name = Release;
		};
/* End XCBuildConfiguration section */

/* Begin XCConfigurationList section */
		C030D77C2C973C2F00AD4871 /* Build configuration list for PBXProject "SwiftSplash" */ = {
			isa = XCConfigurationList;
			buildConfigurations = (
				C030D7A32C973C3000AD4871 /* Debug */,
				C030D7A42C973C3000AD4871 /* Release */,
			);
			defaultConfigurationIsVisible = 0;
			defaultConfigurationName = Release;
		};
		C030D7A52C973C3000AD4871 /* Build configuration list for PBXNativeTarget "SwiftSplash" */ = {
			isa = XCConfigurationList;
			buildConfigurations = (
				C030D7A62C973C3000AD4871 /* Debug */,
				C030D7A72C973C3000AD4871 /* Release */,
			);
			defaultConfigurationIsVisible = 0;
			defaultConfigurationName = Release;
		};
		C030D7A82C973C3000AD4871 /* Build configuration list for PBXNativeTarget "SwiftSplashTests" */ = {
			isa = XCConfigurationList;
			buildConfigurations = (
				C030D7A92C973C3000AD4871 /* Debug */,
				C030D7AA2C973C3000AD4871 /* Release */,
			);
			defaultConfigurationIsVisible = 0;
			defaultConfigurationName = Release;
		};
		C030D7AB2C973C3000AD4871 /* Build configuration list for PBXNativeTarget "SwiftSplashUITests" */ = {
			isa = XCConfigurationList;
			buildConfigurations = (
				C030D7AC2C973C3000AD4871 /* Debug */,
				C030D7AD2C973C3000AD4871 /* Release */,
			);
			defaultConfigurationIsVisible = 0;
			defaultConfigurationName = Release;
		};
/* End XCConfigurationList section */
	};
	rootObject = C030D7792C973C2F00AD4871 /* Project object */;
}
